// !$*UTF8*$!
{
	archiveVersion = 1;
	classes = {
	};
	objectVersion = 50;
	objects = {

/* Begin PBXFileReference section */
		6781C37625BFFA8900D8E883 /* l7_DmitrievSergey.playground */ = {isa = PBXFileReference; lastKnownFileType = file.playground; path = l7_DmitrievSergey.playground; sourceTree = "<group>"; xcLanguageSpecificationIdentifier = xcode.lang.swift; };
/* End PBXFileReference section */

/* Begin PBXGroup section */
		6781C36F25BFFA6F00D8E883 = {
			isa = PBXGroup;
			children = (
				6781C37625BFFA8900D8E883 /* l7_DmitrievSergey.playground */,
			);
			sourceTree = "<group>";
		};
/* End PBXGroup section */

/* Begin PBXProject section */
		6781C37025BFFA6F00D8E883 /* Project object */ = {
			isa = PBXProject;
			attributes = {
				LastUpgradeCheck = 1230;
			};
			buildConfigurationList = 6781C37325BFFA6F00D8E883 /* Build configuration list for PBXProject "lesson7" */;
			compatibilityVersion = "Xcode 9.3";
			developmentRegion = en;
			hasScannedForEncodings = 0;
			knownRegions = (
				en,
				Base,
			);
			mainGroup = 6781C36F25BFFA6F00D8E883;
			projectDirPath = "";
			projectRoot = "";
			targets = (
			);
		};
/* End PBXProject section */

/* Begin XCBuildConfiguration section */
		6781C37425BFFA6F00D8E883 /* Debug */ = {
			isa = XCBuildConfiguration;
			buildSettings = {
			};
			name = Debug;
		};
		6781C37525BFFA6F00D8E883 /* Release */ = {
			isa = XCBuildConfiguration;
			buildSettings = {
			};
			name = Release;
		};
/* End XCBuildConfiguration section */

/* Begin XCConfigurationList section */
		6781C37325BFFA6F00D8E883 /* Build configuration list for PBXProject "lesson7" */ = {
			isa = XCConfigurationList;
			buildConfigurations = (
				6781C37425BFFA6F00D8E883 /* Debug */,
				6781C37525BFFA6F00D8E883 /* Release */,
			);
			defaultConfigurationIsVisible = 0;
			defaultConfigurationName = Release;
		};
/* End XCConfigurationList section */
	};
	rootObject = 6781C37025BFFA6F00D8E883 /* Project object */;
}
